
Microsoft Visual Studio Solution File, Format Version 12.00
# Visual Studio Version 17
VisualStudioVersion = 17.9.34728.123
MinimumVisualStudioVersion = 10.0.40219.1
Project("{888888A0-9F3D-457C-B088-3A5042F75D52}") = "lolcustombot", "lolcustombot\lolcustombot.pyproj", "{78374249-9DFD-4435-B7D1-86CDE143AE68}"
EndProject
Global
	GlobalSection(SolutionConfigurationPlatforms) = preSolution
		Debug|Any CPU = Debug|Any CPU
		Release|Any CPU = Release|Any CPU
	EndGlobalSection
	GlobalSection(ProjectConfigurationPlatforms) = postSolution
		{78374249-9DFD-4435-B7D1-86CDE143AE68}.Debug|Any CPU.ActiveCfg = Debug|Any CPU
		{78374249-9DFD-4435-B7D1-86CDE143AE68}.Release|Any CPU.ActiveCfg = Release|Any CPU
	EndGlobalSection
	GlobalSection(SolutionProperties) = preSolution
		HideSolutionNode = FALSE
	EndGlobalSection
	GlobalSection(ExtensibilityGlobals) = postSolution
		SolutionGuid = {B575EFDA-D13D-4A25-B40D-546DA4280DDA}
	EndGlobalSection
EndGlobal
